// !$*UTF8*$!
{
	archiveVersion = 1;
	classes = {
	};
	objectVersion = 46;
	objects = {

/* Begin PBXBuildFile section */
		00F474DFFD39F7F6E51CC9DF /* Pods_cityBike.framework in Frameworks */ = {isa = PBXBuildFile; fileRef = FCAE2CA816474046785873D4 /* Pods_cityBike.framework */; };
		C80D2AA81E89483A00B1DAF4 /* CitiesSelectionViewController.swift in Sources */ = {isa = PBXBuildFile; fileRef = C80D2AA71E89483A00B1DAF4 /* CitiesSelectionViewController.swift */; };
		C80D2AAA1E8951E400B1DAF4 /* MapKit.framework in Frameworks */ = {isa = PBXBuildFile; fileRef = C80D2AA91E8951E400B1DAF4 /* MapKit.framework */; };
		C80D2AAC1E89598200B1DAF4 /* StationAnnotation.swift in Sources */ = {isa = PBXBuildFile; fileRef = C80D2AAB1E89598200B1DAF4 /* StationAnnotation.swift */; };
		C80D2AAE1E8962D000B1DAF4 /* utilities.swift in Sources */ = {isa = PBXBuildFile; fileRef = C80D2AAD1E8962D000B1DAF4 /* utilities.swift */; };
		C80D2AB01E8A642B00B1DAF4 /* stationPinView.xib in Resources */ = {isa = PBXBuildFile; fileRef = C80D2AAF1E8A642B00B1DAF4 /* stationPinView.xib */; };
		C80D2AB21E8A72DF00B1DAF4 /* DetailStationView.swift in Sources */ = {isa = PBXBuildFile; fileRef = C80D2AB11E8A72DF00B1DAF4 /* DetailStationView.swift */; };
		C80D2AB41E8AA7FB00B1DAF4 /* StationDetailViewController.swift in Sources */ = {isa = PBXBuildFile; fileRef = C80D2AB31E8AA7FB00B1DAF4 /* StationDetailViewController.swift */; };
		C80D2AB61E8AB4FB00B1DAF4 /* UIImage+colorize.swift in Sources */ = {isa = PBXBuildFile; fileRef = C80D2AB51E8AB4FB00B1DAF4 /* UIImage+colorize.swift */; };
		C8123F241E8D14A2002840BA /* PageViewController.swift in Sources */ = {isa = PBXBuildFile; fileRef = C8123F231E8D14A2002840BA /* PageViewController.swift */; };
		C8123F261E8D39FF002840BA /* FavoriteStationsViewController.swift in Sources */ = {isa = PBXBuildFile; fileRef = C8123F251E8D39FF002840BA /* FavoriteStationsViewController.swift */; };
		C81BB33B1E8D55FA004EDDEA /* StationListProvider.swift in Sources */ = {isa = PBXBuildFile; fileRef = C81BB33A1E8D55FA004EDDEA /* StationListProvider.swift */; };
		C81BB33D1E8D5DF2004EDDEA /* StationTableViewCell.swift in Sources */ = {isa = PBXBuildFile; fileRef = C81BB33C1E8D5DF2004EDDEA /* StationTableViewCell.swift */; };
		C81F99E71E8BC558006DF46C /* StationAnnotationView.swift in Sources */ = {isa = PBXBuildFile; fileRef = C81F99E61E8BC558006DF46C /* StationAnnotationView.swift */; };
		C81F99E91E8BCA7F006DF46C /* Model.swift in Sources */ = {isa = PBXBuildFile; fileRef = C81F99E81E8BCA7F006DF46C /* Model.swift */; };
		C81F99EB1E8BCBF1006DF46C /* PersistanceManager.swift in Sources */ = {isa = PBXBuildFile; fileRef = C81F99EA1E8BCBF1006DF46C /* PersistanceManager.swift */; };
		C8262C101E890C25000F2D23 /* AppDelegate.swift in Sources */ = {isa = PBXBuildFile; fileRef = C8262C0F1E890C25000F2D23 /* AppDelegate.swift */; };
		C8262C121E890C25000F2D23 /* ViewController.swift in Sources */ = {isa = PBXBuildFile; fileRef = C8262C111E890C25000F2D23 /* ViewController.swift */; };
		C8262C151E890C25000F2D23 /* Main.storyboard in Resources */ = {isa = PBXBuildFile; fileRef = C8262C131E890C25000F2D23 /* Main.storyboard */; };
		C8262C171E890C25000F2D23 /* Assets.xcassets in Resources */ = {isa = PBXBuildFile; fileRef = C8262C161E890C25000F2D23 /* Assets.xcassets */; };
		C8262C1A1E890C25000F2D23 /* LaunchScreen.storyboard in Resources */ = {isa = PBXBuildFile; fileRef = C8262C181E890C25000F2D23 /* LaunchScreen.storyboard */; };
		C8262C261E890D2B000F2D23 /* Params.swift in Sources */ = {isa = PBXBuildFile; fileRef = C8262C251E890D2B000F2D23 /* Params.swift */; };
		C85AEC3E1E891152001886D3 /* NetworkManager.swift in Sources */ = {isa = PBXBuildFile; fileRef = C85AEC3D1E891152001886D3 /* NetworkManager.swift */; };
		C8BFB29A1E8920CF003BCB39 /* JCDecauxHelper.swift in Sources */ = {isa = PBXBuildFile; fileRef = C8BFB2991E8920CF003BCB39 /* JCDecauxHelper.swift */; };
		C8BFB29C1E89227D003BCB39 /* Contract.swift in Sources */ = {isa = PBXBuildFile; fileRef = C8BFB29B1E89227D003BCB39 /* Contract.swift */; };
		C8BFB29E1E892C2F003BCB39 /* Station.swift in Sources */ = {isa = PBXBuildFile; fileRef = C8BFB29D1E892C2F003BCB39 /* Station.swift */; };
		C8BFB2A21E894213003BCB39 /* CityViewController.swift in Sources */ = {isa = PBXBuildFile; fileRef = C8BFB2A11E894213003BCB39 /* CityViewController.swift */; };
		C8BFB2A41E894635003BCB39 /* MapCityViewController.swift in Sources */ = {isa = PBXBuildFile; fileRef = C8BFB2A31E894635003BCB39 /* MapCityViewController.swift */; };
/* End PBXBuildFile section */

/* Begin PBXFileReference section */
		5D5C8C7F151566A9A2505DBC /* Pods-cityBike.debug.xcconfig */ = {isa = PBXFileReference; includeInIndex = 1; lastKnownFileType = text.xcconfig; name = "Pods-cityBike.debug.xcconfig"; path = "Pods/Target Support Files/Pods-cityBike/Pods-cityBike.debug.xcconfig"; sourceTree = "<group>"; };
		C80D2AA71E89483A00B1DAF4 /* CitiesSelectionViewController.swift */ = {isa = PBXFileReference; fileEncoding = 4; lastKnownFileType = sourcecode.swift; path = CitiesSelectionViewController.swift; sourceTree = "<group>"; };
		C80D2AA91E8951E400B1DAF4 /* MapKit.framework */ = {isa = PBXFileReference; lastKnownFileType = wrapper.framework; name = MapKit.framework; path = System/Library/Frameworks/MapKit.framework; sourceTree = SDKROOT; };
		C80D2AAB1E89598200B1DAF4 /* StationAnnotation.swift */ = {isa = PBXFileReference; fileEncoding = 4; lastKnownFileType = sourcecode.swift; path = StationAnnotation.swift; sourceTree = "<group>"; };
		C80D2AAD1E8962D000B1DAF4 /* utilities.swift */ = {isa = PBXFileReference; fileEncoding = 4; lastKnownFileType = sourcecode.swift; path = utilities.swift; sourceTree = "<group>"; };
		C80D2AAF1E8A642B00B1DAF4 /* stationPinView.xib */ = {isa = PBXFileReference; fileEncoding = 4; lastKnownFileType = file.xib; path = stationPinView.xib; sourceTree = "<group>"; };
		C80D2AB11E8A72DF00B1DAF4 /* DetailStationView.swift */ = {isa = PBXFileReference; fileEncoding = 4; lastKnownFileType = sourcecode.swift; path = DetailStationView.swift; sourceTree = "<group>"; };
		C80D2AB31E8AA7FB00B1DAF4 /* StationDetailViewController.swift */ = {isa = PBXFileReference; fileEncoding = 4; lastKnownFileType = sourcecode.swift; path = StationDetailViewController.swift; sourceTree = "<group>"; };
		C80D2AB51E8AB4FB00B1DAF4 /* UIImage+colorize.swift */ = {isa = PBXFileReference; fileEncoding = 4; lastKnownFileType = sourcecode.swift; path = "UIImage+colorize.swift"; sourceTree = "<group>"; };
		C8123F231E8D14A2002840BA /* PageViewController.swift */ = {isa = PBXFileReference; fileEncoding = 4; lastKnownFileType = sourcecode.swift; path = PageViewController.swift; sourceTree = "<group>"; };
		C8123F251E8D39FF002840BA /* FavoriteStationsViewController.swift */ = {isa = PBXFileReference; fileEncoding = 4; lastKnownFileType = sourcecode.swift; path = FavoriteStationsViewController.swift; sourceTree = "<group>"; };
		C81BB33A1E8D55FA004EDDEA /* StationListProvider.swift */ = {isa = PBXFileReference; fileEncoding = 4; lastKnownFileType = sourcecode.swift; path = StationListProvider.swift; sourceTree = "<group>"; };
		C81BB33C1E8D5DF2004EDDEA /* StationTableViewCell.swift */ = {isa = PBXFileReference; fileEncoding = 4; lastKnownFileType = sourcecode.swift; path = StationTableViewCell.swift; sourceTree = "<group>"; };
		C81F99E61E8BC558006DF46C /* StationAnnotationView.swift */ = {isa = PBXFileReference; fileEncoding = 4; lastKnownFileType = sourcecode.swift; path = StationAnnotationView.swift; sourceTree = "<group>"; };
		C81F99E81E8BCA7F006DF46C /* Model.swift */ = {isa = PBXFileReference; fileEncoding = 4; lastKnownFileType = sourcecode.swift; path = Model.swift; sourceTree = "<group>"; };
		C81F99EA1E8BCBF1006DF46C /* PersistanceManager.swift */ = {isa = PBXFileReference; fileEncoding = 4; lastKnownFileType = sourcecode.swift; path = PersistanceManager.swift; sourceTree = "<group>"; };
		C8262C0C1E890C25000F2D23 /* cityBike.app */ = {isa = PBXFileReference; explicitFileType = wrapper.application; includeInIndex = 0; path = cityBike.app; sourceTree = BUILT_PRODUCTS_DIR; };
		C8262C0F1E890C25000F2D23 /* AppDelegate.swift */ = {isa = PBXFileReference; lastKnownFileType = sourcecode.swift; path = AppDelegate.swift; sourceTree = "<group>"; };
		C8262C111E890C25000F2D23 /* ViewController.swift */ = {isa = PBXFileReference; lastKnownFileType = sourcecode.swift; name = ViewController.swift; path = ../ViewController.swift; sourceTree = "<group>"; };
		C8262C141E890C25000F2D23 /* Base */ = {isa = PBXFileReference; lastKnownFileType = file.storyboard; name = Base; path = Base.lproj/Main.storyboard; sourceTree = "<group>"; };
		C8262C161E890C25000F2D23 /* Assets.xcassets */ = {isa = PBXFileReference; lastKnownFileType = folder.assetcatalog; path = Assets.xcassets; sourceTree = "<group>"; };
		C8262C191E890C25000F2D23 /* Base */ = {isa = PBXFileReference; lastKnownFileType = file.storyboard; name = Base; path = Base.lproj/LaunchScreen.storyboard; sourceTree = "<group>"; };
		C8262C1B1E890C25000F2D23 /* Info.plist */ = {isa = PBXFileReference; lastKnownFileType = text.plist.xml; path = Info.plist; sourceTree = "<group>"; };
		C8262C251E890D2B000F2D23 /* Params.swift */ = {isa = PBXFileReference; fileEncoding = 4; lastKnownFileType = sourcecode.swift; path = Params.swift; sourceTree = "<group>"; };
		C85AEC3D1E891152001886D3 /* NetworkManager.swift */ = {isa = PBXFileReference; fileEncoding = 4; lastKnownFileType = sourcecode.swift; path = NetworkManager.swift; sourceTree = "<group>"; };
		C8BFB2991E8920CF003BCB39 /* JCDecauxHelper.swift */ = {isa = PBXFileReference; fileEncoding = 4; lastKnownFileType = sourcecode.swift; path = JCDecauxHelper.swift; sourceTree = "<group>"; };
		C8BFB29B1E89227D003BCB39 /* Contract.swift */ = {isa = PBXFileReference; fileEncoding = 4; lastKnownFileType = sourcecode.swift; path = Contract.swift; sourceTree = "<group>"; };
		C8BFB29D1E892C2F003BCB39 /* Station.swift */ = {isa = PBXFileReference; fileEncoding = 4; lastKnownFileType = sourcecode.swift; path = Station.swift; sourceTree = "<group>"; };
		C8BFB2A11E894213003BCB39 /* CityViewController.swift */ = {isa = PBXFileReference; fileEncoding = 4; lastKnownFileType = sourcecode.swift; path = CityViewController.swift; sourceTree = "<group>"; };
		C8BFB2A31E894635003BCB39 /* MapCityViewController.swift */ = {isa = PBXFileReference; fileEncoding = 4; lastKnownFileType = sourcecode.swift; path = MapCityViewController.swift; sourceTree = "<group>"; };
		E6A9ADC3BA1BF7B87F2B84FD /* Pods-cityBike.release.xcconfig */ = {isa = PBXFileReference; includeInIndex = 1; lastKnownFileType = text.xcconfig; name = "Pods-cityBike.release.xcconfig"; path = "Pods/Target Support Files/Pods-cityBike/Pods-cityBike.release.xcconfig"; sourceTree = "<group>"; };
		FCAE2CA816474046785873D4 /* Pods_cityBike.framework */ = {isa = PBXFileReference; explicitFileType = wrapper.framework; includeInIndex = 0; path = Pods_cityBike.framework; sourceTree = BUILT_PRODUCTS_DIR; };
/* End PBXFileReference section */

/* Begin PBXFrameworksBuildPhase section */
		C8262C091E890C25000F2D23 /* Frameworks */ = {
			isa = PBXFrameworksBuildPhase;
			buildActionMask = 2147483647;
			files = (
				C80D2AAA1E8951E400B1DAF4 /* MapKit.framework in Frameworks */,
				00F474DFFD39F7F6E51CC9DF /* Pods_cityBike.framework in Frameworks */,
			);
			runOnlyForDeploymentPostprocessing = 0;
		};
/* End PBXFrameworksBuildPhase section */

/* Begin PBXGroup section */
		A1B9E11DC350515763D722AB /* Frameworks */ = {
			isa = PBXGroup;
			children = (
				C80D2AA91E8951E400B1DAF4 /* MapKit.framework */,
				FCAE2CA816474046785873D4 /* Pods_cityBike.framework */,
			);
			name = Frameworks;
			sourceTree = "<group>";
		};
		C81BB3391E8D5573004EDDEA /* Protocol */ = {
			isa = PBXGroup;
			children = (
				C81BB33A1E8D55FA004EDDEA /* StationListProvider.swift */,
			);
			path = Protocol;
			sourceTree = "<group>";
		};
		C8262C031E890C24000F2D23 = {
			isa = PBXGroup;
			children = (
				C8262C0E1E890C25000F2D23 /* cityBike */,
				C8262C0D1E890C25000F2D23 /* Products */,
				F212733D72256BC8C3AD1A13 /* Pods */,
				A1B9E11DC350515763D722AB /* Frameworks */,
			);
			sourceTree = "<group>";
		};
		C8262C0D1E890C25000F2D23 /* Products */ = {
			isa = PBXGroup;
			children = (
				C8262C0C1E890C25000F2D23 /* cityBike.app */,
			);
			name = Products;
			sourceTree = "<group>";
		};
		C8262C0E1E890C25000F2D23 /* cityBike */ = {
			isa = PBXGroup;
			children = (
				C81BB3391E8D5573004EDDEA /* Protocol */,
				C8262C231E890C6B000F2D23 /* Utilities */,
				C8262C211E890C6B000F2D23 /* Controllers */,
				C8262C241E890C6B000F2D23 /* Views */,
				C8262C221E890C6B000F2D23 /* Models */,
				C8262C0F1E890C25000F2D23 /* AppDelegate.swift */,
				C8262C131E890C25000F2D23 /* Main.storyboard */,
				C8262C161E890C25000F2D23 /* Assets.xcassets */,
				C8262C181E890C25000F2D23 /* LaunchScreen.storyboard */,
				C8262C1B1E890C25000F2D23 /* Info.plist */,
			);
			path = cityBike;
			sourceTree = "<group>";
		};
		C8262C211E890C6B000F2D23 /* Controllers */ = {
			isa = PBXGroup;
			children = (
				C8262C111E890C25000F2D23 /* ViewController.swift */,
				C8BFB2A11E894213003BCB39 /* CityViewController.swift */,
				C8BFB2A31E894635003BCB39 /* MapCityViewController.swift */,
				C80D2AA71E89483A00B1DAF4 /* CitiesSelectionViewController.swift */,
				C80D2AB11E8A72DF00B1DAF4 /* DetailStationView.swift */,
				C80D2AB31E8AA7FB00B1DAF4 /* StationDetailViewController.swift */,
				C8123F231E8D14A2002840BA /* PageViewController.swift */,
				C8123F251E8D39FF002840BA /* FavoriteStationsViewController.swift */,
			);
			path = Controllers;
			sourceTree = "<group>";
		};
		C8262C221E890C6B000F2D23 /* Models */ = {
			isa = PBXGroup;
			children = (
				C8BFB29B1E89227D003BCB39 /* Contract.swift */,
				C8BFB29D1E892C2F003BCB39 /* Station.swift */,
				C80D2AAB1E89598200B1DAF4 /* StationAnnotation.swift */,
				C81F99E61E8BC558006DF46C /* StationAnnotationView.swift */,
				C81F99E81E8BCA7F006DF46C /* Model.swift */,
			);
			path = Models;
			sourceTree = "<group>";
		};
		C8262C231E890C6B000F2D23 /* Utilities */ = {
			isa = PBXGroup;
			children = (
				C8262C251E890D2B000F2D23 /* Params.swift */,
				C85AEC3D1E891152001886D3 /* NetworkManager.swift */,
				C8BFB2991E8920CF003BCB39 /* JCDecauxHelper.swift */,
				C80D2AAD1E8962D000B1DAF4 /* utilities.swift */,
				C80D2AB51E8AB4FB00B1DAF4 /* UIImage+colorize.swift */,
				C81F99EA1E8BCBF1006DF46C /* PersistanceManager.swift */,
			);
			path = Utilities;
			sourceTree = "<group>";
		};
		C8262C241E890C6B000F2D23 /* Views */ = {
			isa = PBXGroup;
			children = (
				C80D2AAF1E8A642B00B1DAF4 /* stationPinView.xib */,
				C81BB33C1E8D5DF2004EDDEA /* StationTableViewCell.swift */,
			);
			path = Views;
			sourceTree = "<group>";
		};
		F212733D72256BC8C3AD1A13 /* Pods */ = {
			isa = PBXGroup;
			children = (
				5D5C8C7F151566A9A2505DBC /* Pods-cityBike.debug.xcconfig */,
				E6A9ADC3BA1BF7B87F2B84FD /* Pods-cityBike.release.xcconfig */,
			);
			name = Pods;
			sourceTree = "<group>";
		};
/* End PBXGroup section */

/* Begin PBXNativeTarget section */
		C8262C0B1E890C25000F2D23 /* cityBike */ = {
			isa = PBXNativeTarget;
			buildConfigurationList = C8262C1E1E890C25000F2D23 /* Build configuration list for PBXNativeTarget "cityBike" */;
			buildPhases = (
				94E8AFF6344A45A6AFC2EA63 /* [CP] Check Pods Manifest.lock */,
				C8262C081E890C25000F2D23 /* Sources */,
				C8262C091E890C25000F2D23 /* Frameworks */,
				C8262C0A1E890C25000F2D23 /* Resources */,
				39AE1DDE300D211E22EF5469 /* [CP] Embed Pods Frameworks */,
				1CB1D5A8820813B93FF8A85E /* [CP] Copy Pods Resources */,
			);
			buildRules = (
			);
			dependencies = (
			);
			name = cityBike;
			productName = cityBike;
			productReference = C8262C0C1E890C25000F2D23 /* cityBike.app */;
			productType = "com.apple.product-type.application";
		};
/* End PBXNativeTarget section */

/* Begin PBXProject section */
		C8262C041E890C24000F2D23 /* Project object */ = {
			isa = PBXProject;
			attributes = {
				LastSwiftUpdateCheck = 0820;
				LastUpgradeCheck = 0820;
				ORGANIZATIONNAME = "etudiant-09";
				TargetAttributes = {
					C8262C0B1E890C25000F2D23 = {
						CreatedOnToolsVersion = 8.2.1;
						ProvisioningStyle = Automatic;
						SystemCapabilities = {
							com.apple.Maps.iOS = {
								enabled = 1;
							};
						};
					};
				};
			};
			buildConfigurationList = C8262C071E890C24000F2D23 /* Build configuration list for PBXProject "cityBike" */;
			compatibilityVersion = "Xcode 3.2";
			developmentRegion = English;
			hasScannedForEncodings = 0;
			knownRegions = (
				en,
				Base,
			);
			mainGroup = C8262C031E890C24000F2D23;
			productRefGroup = C8262C0D1E890C25000F2D23 /* Products */;
			projectDirPath = "";
			projectRoot = "";
			targets = (
				C8262C0B1E890C25000F2D23 /* cityBike */,
			);
		};
/* End PBXProject section */

/* Begin PBXResourcesBuildPhase section */
		C8262C0A1E890C25000F2D23 /* Resources */ = {
			isa = PBXResourcesBuildPhase;
			buildActionMask = 2147483647;
			files = (
				C8262C1A1E890C25000F2D23 /* LaunchScreen.storyboard in Resources */,
				C8262C171E890C25000F2D23 /* Assets.xcassets in Resources */,
				C8262C151E890C25000F2D23 /* Main.storyboard in Resources */,
				C80D2AB01E8A642B00B1DAF4 /* stationPinView.xib in Resources */,
			);
			runOnlyForDeploymentPostprocessing = 0;
		};
/* End PBXResourcesBuildPhase section */

/* Begin PBXShellScriptBuildPhase section */
		1CB1D5A8820813B93FF8A85E /* [CP] Copy Pods Resources */ = {
			isa = PBXShellScriptBuildPhase;
			buildActionMask = 2147483647;
			files = (
			);
			inputPaths = (
			);
			name = "[CP] Copy Pods Resources";
			outputPaths = (
			);
			runOnlyForDeploymentPostprocessing = 0;
			shellPath = /bin/sh;
			shellScript = "\"${SRCROOT}/Pods/Target Support Files/Pods-cityBike/Pods-cityBike-resources.sh\"\n";
			showEnvVarsInLog = 0;
		};
		39AE1DDE300D211E22EF5469 /* [CP] Embed Pods Frameworks */ = {
			isa = PBXShellScriptBuildPhase;
			buildActionMask = 2147483647;
			files = (
			);
			inputPaths = (
			);
			name = "[CP] Embed Pods Frameworks";
			outputPaths = (
			);
			runOnlyForDeploymentPostprocessing = 0;
			shellPath = /bin/sh;
			shellScript = "\"${SRCROOT}/Pods/Target Support Files/Pods-cityBike/Pods-cityBike-frameworks.sh\"\n";
			showEnvVarsInLog = 0;
		};
		94E8AFF6344A45A6AFC2EA63 /* [CP] Check Pods Manifest.lock */ = {
			isa = PBXShellScriptBuildPhase;
			buildActionMask = 2147483647;
			files = (
			);
			inputPaths = (
			);
			name = "[CP] Check Pods Manifest.lock";
			outputPaths = (
			);
			runOnlyForDeploymentPostprocessing = 0;
			shellPath = /bin/sh;
			shellScript = "diff \"${PODS_ROOT}/../Podfile.lock\" \"${PODS_ROOT}/Manifest.lock\" > /dev/null\nif [ $? != 0 ] ; then\n    # print error to STDERR\n    echo \"error: The sandbox is not in sync with the Podfile.lock. Run 'pod install' or update your CocoaPods installation.\" >&2\n    exit 1\nfi\n";
			showEnvVarsInLog = 0;
		};
/* End PBXShellScriptBuildPhase section */

/* Begin PBXSourcesBuildPhase section */
		C8262C081E890C25000F2D23 /* Sources */ = {
			isa = PBXSourcesBuildPhase;
			buildActionMask = 2147483647;
			files = (
				C80D2AA81E89483A00B1DAF4 /* CitiesSelectionViewController.swift in Sources */,
				C80D2AAC1E89598200B1DAF4 /* StationAnnotation.swift in Sources */,
				C8BFB2A41E894635003BCB39 /* MapCityViewController.swift in Sources */,
				C81F99EB1E8BCBF1006DF46C /* PersistanceManager.swift in Sources */,
				C80D2AB21E8A72DF00B1DAF4 /* DetailStationView.swift in Sources */,
				C85AEC3E1E891152001886D3 /* NetworkManager.swift in Sources */,
				C8262C261E890D2B000F2D23 /* Params.swift in Sources */,
				C8262C121E890C25000F2D23 /* ViewController.swift in Sources */,
				C80D2AAE1E8962D000B1DAF4 /* utilities.swift in Sources */,
				C8BFB29C1E89227D003BCB39 /* Contract.swift in Sources */,
				C8BFB2A21E894213003BCB39 /* CityViewController.swift in Sources */,
				C81F99E91E8BCA7F006DF46C /* Model.swift in Sources */,
				C80D2AB41E8AA7FB00B1DAF4 /* StationDetailViewController.swift in Sources */,
				C8262C101E890C25000F2D23 /* AppDelegate.swift in Sources */,
				C81BB33D1E8D5DF2004EDDEA /* StationTableViewCell.swift in Sources */,
				C8123F241E8D14A2002840BA /* PageViewController.swift in Sources */,
				C8BFB29A1E8920CF003BCB39 /* JCDecauxHelper.swift in Sources */,
				C80D2AB61E8AB4FB00B1DAF4 /* UIImage+colorize.swift in Sources */,
				C81F99E71E8BC558006DF46C /* StationAnnotationView.swift in Sources */,
				C81BB33B1E8D55FA004EDDEA /* StationListProvider.swift in Sources */,
				C8BFB29E1E892C2F003BCB39 /* Station.swift in Sources */,
				C8123F261E8D39FF002840BA /* FavoriteStationsViewController.swift in Sources */,
			);
			runOnlyForDeploymentPostprocessing = 0;
		};
/* End PBXSourcesBuildPhase section */

/* Begin PBXVariantGroup section */
		C8262C131E890C25000F2D23 /* Main.storyboard */ = {
			isa = PBXVariantGroup;
			children = (
				C8262C141E890C25000F2D23 /* Base */,
			);
			name = Main.storyboard;
			sourceTree = "<group>";
		};
		C8262C181E890C25000F2D23 /* LaunchScreen.storyboard */ = {
			isa = PBXVariantGroup;
			children = (
				C8262C191E890C25000F2D23 /* Base */,
			);
			name = LaunchScreen.storyboard;
			sourceTree = "<group>";
		};
/* End PBXVariantGroup section */

/* Begin XCBuildConfiguration section */
		C8262C1C1E890C25000F2D23 /* Debug */ = {
			isa = XCBuildConfiguration;
			buildSettings = {
				ALWAYS_SEARCH_USER_PATHS = NO;
				CLANG_ANALYZER_NONNULL = YES;
				CLANG_CXX_LANGUAGE_STANDARD = "gnu++0x";
				CLANG_CXX_LIBRARY = "libc++";
				CLANG_ENABLE_MODULES = YES;
				CLANG_ENABLE_OBJC_ARC = YES;
				CLANG_WARN_BOOL_CONVERSION = YES;
				CLANG_WARN_CONSTANT_CONVERSION = YES;
				CLANG_WARN_DIRECT_OBJC_ISA_USAGE = YES_ERROR;
				CLANG_WARN_DOCUMENTATION_COMMENTS = YES;
				CLANG_WARN_EMPTY_BODY = YES;
				CLANG_WARN_ENUM_CONVERSION = YES;
				CLANG_WARN_INFINITE_RECURSION = YES;
				CLANG_WARN_INT_CONVERSION = YES;
				CLANG_WARN_OBJC_ROOT_CLASS = YES_ERROR;
				CLANG_WARN_SUSPICIOUS_MOVE = YES;
				CLANG_WARN_UNREACHABLE_CODE = YES;
				CLANG_WARN__DUPLICATE_METHOD_MATCH = YES;
				"CODE_SIGN_IDENTITY[sdk=iphoneos*]" = "iPhone Developer";
				COPY_PHASE_STRIP = NO;
				DEBUG_INFORMATION_FORMAT = dwarf;
				ENABLE_STRICT_OBJC_MSGSEND = YES;
				ENABLE_TESTABILITY = YES;
				GCC_C_LANGUAGE_STANDARD = gnu99;
				GCC_DYNAMIC_NO_PIC = NO;
				GCC_NO_COMMON_BLOCKS = YES;
				GCC_OPTIMIZATION_LEVEL = 0;
				GCC_PREPROCESSOR_DEFINITIONS = (
					"DEBUG=1",
					"$(inherited)",
				);
				GCC_WARN_64_TO_32_BIT_CONVERSION = YES;
				GCC_WARN_ABOUT_RETURN_TYPE = YES_ERROR;
				GCC_WARN_UNDECLARED_SELECTOR = YES;
				GCC_WARN_UNINITIALIZED_AUTOS = YES_AGGRESSIVE;
				GCC_WARN_UNUSED_FUNCTION = YES;
				GCC_WARN_UNUSED_VARIABLE = YES;
				IPHONEOS_DEPLOYMENT_TARGET = 10.2;
				MTL_ENABLE_DEBUG_INFO = YES;
				ONLY_ACTIVE_ARCH = YES;
				SDKROOT = iphoneos;
				SWIFT_ACTIVE_COMPILATION_CONDITIONS = DEBUG;
				SWIFT_OPTIMIZATION_LEVEL = "-Onone";
				TARGETED_DEVICE_FAMILY = "1,2";
			};
			name = Debug;
		};
		C8262C1D1E890C25000F2D23 /* Release */ = {
			isa = XCBuildConfiguration;
			buildSettings = {
				ALWAYS_SEARCH_USER_PATHS = NO;
				CLANG_ANALYZER_NONNULL = YES;
				CLANG_CXX_LANGUAGE_STANDARD = "gnu++0x";
				CLANG_CXX_LIBRARY = "libc++";
				CLANG_ENABLE_MODULES = YES;
				CLANG_ENABLE_OBJC_ARC = YES;
				CLANG_WARN_BOOL_CONVERSION = YES;
				CLANG_WARN_CONSTANT_CONVERSION = YES;
				CLANG_WARN_DIRECT_OBJC_ISA_USAGE = YES_ERROR;
				CLANG_WARN_DOCUMENTATION_COMMENTS = YES;
				CLANG_WARN_EMPTY_BODY = YES;
				CLANG_WARN_ENUM_CONVERSION = YES;
				CLANG_WARN_INFINITE_RECURSION = YES;
				CLANG_WARN_INT_CONVERSION = YES;
				CLANG_WARN_OBJC_ROOT_CLASS = YES_ERROR;
				CLANG_WARN_SUSPICIOUS_MOVE = YES;
				CLANG_WARN_UNREACHABLE_CODE = YES;
				CLANG_WARN__DUPLICATE_METHOD_MATCH = YES;
				"CODE_SIGN_IDENTITY[sdk=iphoneos*]" = "iPhone Developer";
				COPY_PHASE_STRIP = NO;
				DEBUG_INFORMATION_FORMAT = "dwarf-with-dsym";
				ENABLE_NS_ASSERTIONS = NO;
				ENABLE_STRICT_OBJC_MSGSEND = YES;
				GCC_C_LANGUAGE_STANDARD = gnu99;
				GCC_NO_COMMON_BLOCKS = YES;
				GCC_WARN_64_TO_32_BIT_CONVERSION = YES;
				GCC_WARN_ABOUT_RETURN_TYPE = YES_ERROR;
				GCC_WARN_UNDECLARED_SELECTOR = YES;
				GCC_WARN_UNINITIALIZED_AUTOS = YES_AGGRESSIVE;
				GCC_WARN_UNUSED_FUNCTION = YES;
				GCC_WARN_UNUSED_VARIABLE = YES;
				IPHONEOS_DEPLOYMENT_TARGET = 10.2;
				MTL_ENABLE_DEBUG_INFO = NO;
				SDKROOT = iphoneos;
				SWIFT_OPTIMIZATION_LEVEL = "-Owholemodule";
				TARGETED_DEVICE_FAMILY = "1,2";
				VALIDATE_PRODUCT = YES;
			};
			name = Release;
		};
		C8262C1F1E890C25000F2D23 /* Debug */ = {
			isa = XCBuildConfiguration;
			baseConfigurationReference = 5D5C8C7F151566A9A2505DBC /* Pods-cityBike.debug.xcconfig */;
			buildSettings = {
				ASSETCATALOG_COMPILER_APPICON_NAME = AppIcon;
				INFOPLIST_FILE = cityBike/Info.plist;
				LD_RUNPATH_SEARCH_PATHS = "$(inherited) @executable_path/Frameworks";
				PRODUCT_BUNDLE_IDENTIFIER = com.raymond.cityBike;
				PRODUCT_NAME = "$(TARGET_NAME)";
				SWIFT_VERSION = 3.0;
			};
			name = Debug;
		};
		C8262C201E890C25000F2D23 /* Release */ = {
			isa = XCBuildConfiguration;
			baseConfigurationReference = E6A9ADC3BA1BF7B87F2B84FD /* Pods-cityBike.release.xcconfig */;
			buildSettings = {
				ASSETCATALOG_COMPILER_APPICON_NAME = AppIcon;
				INFOPLIST_FILE = cityBike/Info.plist;
				LD_RUNPATH_SEARCH_PATHS = "$(inherited) @executable_path/Frameworks";
				PRODUCT_BUNDLE_IDENTIFIER = com.raymond.cityBike;
				PRODUCT_NAME = "$(TARGET_NAME)";
				SWIFT_VERSION = 3.0;
			};
			name = Release;
		};
/* End XCBuildConfiguration section */

/* Begin XCConfigurationList section */
		C8262C071E890C24000F2D23 /* Build configuration list for PBXProject "cityBike" */ = {
			isa = XCConfigurationList;
			buildConfigurations = (
				C8262C1C1E890C25000F2D23 /* Debug */,
				C8262C1D1E890C25000F2D23 /* Release */,
			);
			defaultConfigurationIsVisible = 0;
			defaultConfigurationName = Release;
		};
		C8262C1E1E890C25000F2D23 /* Build configuration list for PBXNativeTarget "cityBike" */ = {
			isa = XCConfigurationList;
			buildConfigurations = (
				C8262C1F1E890C25000F2D23 /* Debug */,
				C8262C201E890C25000F2D23 /* Release */,
			);
			defaultConfigurationIsVisible = 0;
			defaultConfigurationName = Release;
		};
/* End XCConfigurationList section */
	};
	rootObject = C8262C041E890C24000F2D23 /* Project object */;
}
